
Microsoft Visual Studio Solution File, Format Version 12.00
# Visual Studio 15
VisualStudioVersion = 15.0.27703.2026
MinimumVisualStudioVersion = 10.0.40219.1
Project("{FAE04EC0-301F-11D3-BF4B-00C04F79EFBC}") = "FunctionComplete", "FunctionComplete\FunctionComplete.csproj", "{A4C0A43E-7533-424B-BE49-6A759F44B140}"
EndProject
Project("{FAE04EC0-301F-11D3-BF4B-00C04F79EFBC}") = "AutoCompleteTextBox", "AutoCompleteTextBox\AutoCompleteTextBox.csproj", "{E095BDC0-B57F-4CB2-9AFC-9CC9F0A9E1D1}"
EndProject
Project("{FAE04EC0-301F-11D3-BF4B-00C04F79EFBC}") = "SignatureRepository", "SignatureRepository\SignatureRepository.csproj", "{1760DF98-88CC-4472-922A-6705FFE860BD}"
EndProject
Global
	GlobalSection(SolutionConfigurationPlatforms) = preSolution
		Debug|Any CPU = Debug|Any CPU
		Release|Any CPU = Release|Any CPU
	EndGlobalSection
	GlobalSection(ProjectConfigurationPlatforms) = postSolution
		{A4C0A43E-7533-424B-BE49-6A759F44B140}.Debug|Any CPU.ActiveCfg = Debug|Any CPU
		{A4C0A43E-7533-424B-BE49-6A759F44B140}.Debug|Any CPU.Build.0 = Debug|Any CPU
		{A4C0A43E-7533-424B-BE49-6A759F44B140}.Release|Any CPU.ActiveCfg = Release|Any CPU
		{A4C0A43E-7533-424B-BE49-6A759F44B140}.Release|Any CPU.Build.0 = Release|Any CPU
		{E095BDC0-B57F-4CB2-9AFC-9CC9F0A9E1D1}.Debug|Any CPU.ActiveCfg = Debug|Any CPU
		{E095BDC0-B57F-4CB2-9AFC-9CC9F0A9E1D1}.Debug|Any CPU.Build.0 = Debug|Any CPU
		{E095BDC0-B57F-4CB2-9AFC-9CC9F0A9E1D1}.Release|Any CPU.ActiveCfg = Release|Any CPU
		{E095BDC0-B57F-4CB2-9AFC-9CC9F0A9E1D1}.Release|Any CPU.Build.0 = Release|Any CPU
		{1760DF98-88CC-4472-922A-6705FFE860BD}.Debug|Any CPU.ActiveCfg = Debug|Any CPU
		{1760DF98-88CC-4472-922A-6705FFE860BD}.Debug|Any CPU.Build.0 = Debug|Any CPU
		{1760DF98-88CC-4472-922A-6705FFE860BD}.Release|Any CPU.ActiveCfg = Release|Any CPU
		{1760DF98-88CC-4472-922A-6705FFE860BD}.Release|Any CPU.Build.0 = Release|Any CPU
	EndGlobalSection
	GlobalSection(SolutionProperties) = preSolution
		HideSolutionNode = FALSE
	EndGlobalSection
	GlobalSection(ExtensibilityGlobals) = postSolution
		SolutionGuid = {541A96E8-758C-4364-909F-7DDAD99B9741}
	EndGlobalSection
EndGlobal
